
Microsoft Visual Studio Solution File, Format Version 12.00
# Visual Studio 15
VisualStudioVersion = 15.0.26430.12
MinimumVisualStudioVersion = 10.0.40219.1
Project("{FAE04EC0-301F-11D3-BF4B-00C04F79EFBC}") = "Addin", "Addin\Addin.csproj", "{89C4AEBC-65AF-441D-9DF1-902A7DFC438C}"
EndProject
Global
	GlobalSection(SolutionConfigurationPlatforms) = preSolution
		Debug|x64 = Debug|x64
		Release|x64 = Release|x64
	EndGlobalSection
	GlobalSection(ProjectConfigurationPlatforms) = postSolution
		{89C4AEBC-65AF-441D-9DF1-902A7DFC438C}.Debug|x64.ActiveCfg = Debug|x64
		{89C4AEBC-65AF-441D-9DF1-902A7DFC438C}.Debug|x64.Build.0 = Debug|x64
		{89C4AEBC-65AF-441D-9DF1-902A7DFC438C}.Release|x64.ActiveCfg = Release|x64
		{89C4AEBC-65AF-441D-9DF1-902A7DFC438C}.Release|x64.Build.0 = Release|x64
	EndGlobalSection
	GlobalSection(SolutionProperties) = preSolution
		HideSolutionNode = FALSE
	EndGlobalSection
EndGlobal
