
Microsoft Visual Studio Solution File, Format Version 12.00
# Visual Studio 2013
VisualStudioVersion = 12.0.40629.0
MinimumVisualStudioVersion = 10.0.40219.1
Project("{FAE04EC0-301F-11D3-BF4B-00C04F79EFBC}") = "BulkDataLoader", "Samples\SDK\CSharp\BulkDataLoader\BulkDataLoader.csproj", "{E7CF6AB8-F9A7-40A1-9283-88B7D52EDF29}"
EndProject
Project("{FAE04EC0-301F-11D3-BF4B-00C04F79EFBC}") = "CreateNewDocument", "Samples\SDK\CSharp\CreateNewDocument\CreateNewDocument.csproj", "{4DF001EC-8E21-4234-A94D-4C0FDC82BC97}"
EndProject
Project("{FAE04EC0-301F-11D3-BF4B-00C04F79EFBC}") = "EventProcessor", "Samples\SDK\CSharp\EventProcessor\EventProcessor.csproj", "{0F839EE9-14E2-433C-8A6D-3DD687FE1D18}"
EndProject
Project("{FAE04EC0-301F-11D3-BF4B-00C04F79EFBC}") = "ExecutableAddin", "Samples\SDK\CSharp\ExecutableAddin\ExecutableAddin\ExecutableAddin.csproj", "{DA64F614-D3A8-4F05-966C-92E257C18423}"
EndProject
Project("{FAE04EC0-301F-11D3-BF4B-00C04F79EFBC}") = "ImportUsingOrigin", "Samples\SDK\CSharp\ImportUsingOrigin\ImportUsingOrigin\ImportUsingOrigin.csproj", "{E5A5EC88-EF90-4CB3-9BF4-5D427B6A8B59}"
EndProject
Project("{FAE04EC0-301F-11D3-BF4B-00C04F79EFBC}") = "SampleAddIn", "Samples\SDK\CSharp\SampleAddIn\SampleAddIn.csproj", "{17E56493-EA6F-45EA-AF55-969718DD02EE}"
EndProject
Project("{2150E333-8FDC-42A3-9474-1A3956D46DE8}") = "SDK", "SDK", "{BEA93901-8B00-449D-8D12-E9F1A8A42D1D}"
EndProject
Project("{FAE04EC0-301F-11D3-BF4B-00C04F79EFBC}") = "AddingGroupMemberships", "Samples\ServiceAPI\CSharp\AddingGroupMemberships\AddingGroupMemberships.csproj", "{5A6D13D2-2A64-432E-ADFB-ADBA6ED9DEE8}"
EndProject
Project("{FAE04EC0-301F-11D3-BF4B-00C04F79EFBC}") = "MakeReferencePlugin", "Samples\ServiceAPI\CSharp\MakeReferencePlugin\MakeReferencePlugin\MakeReferencePlugin.csproj", "{E25E8B31-5845-45A0-B4AE-88A45FD9FF88}"
EndProject
Project("{2150E333-8FDC-42A3-9474-1A3956D46DE8}") = "ServiceAPI", "ServiceAPI", "{A2FA5034-2206-44EB-AD63-711725C0AE2D}"
EndProject
Project("{FAE04EC0-301F-11D3-BF4B-00C04F79EFBC}") = "DatabasePool", "Samples\SDK\CSharp\DatabasePool\DatabasePool.csproj", "{A0CBACE7-69E5-4CA4-A54C-F64CB0735C60}"
EndProject
Project("{FAE04EC0-301F-11D3-BF4B-00C04F79EFBC}") = "CORSModule", "Samples\ServiceAPI\CSharp\CORSModule\CORSModule.csproj", "{1F68FEF2-3932-4869-A329-76C7318E92BD}"
EndProject
Global
	GlobalSection(SolutionConfigurationPlatforms) = preSolution
		Debug|Any CPU = Debug|Any CPU
		Debug|x64 = Debug|x64
		Debug|x86 = Debug|x86
		Release|Any CPU = Release|Any CPU
		Release|x64 = Release|x64
		Release|x86 = Release|x86
	EndGlobalSection
	GlobalSection(ProjectConfigurationPlatforms) = postSolution
		{E7CF6AB8-F9A7-40A1-9283-88B7D52EDF29}.Debug|Any CPU.ActiveCfg = Debug|Any CPU
		{E7CF6AB8-F9A7-40A1-9283-88B7D52EDF29}.Debug|Any CPU.Build.0 = Debug|Any CPU
		{E7CF6AB8-F9A7-40A1-9283-88B7D52EDF29}.Debug|x64.ActiveCfg = Debug|Any CPU
		{E7CF6AB8-F9A7-40A1-9283-88B7D52EDF29}.Debug|x64.Build.0 = Debug|Any CPU
		{E7CF6AB8-F9A7-40A1-9283-88B7D52EDF29}.Debug|x86.ActiveCfg = Debug|x86
		{E7CF6AB8-F9A7-40A1-9283-88B7D52EDF29}.Debug|x86.Build.0 = Debug|x86
		{E7CF6AB8-F9A7-40A1-9283-88B7D52EDF29}.Release|Any CPU.ActiveCfg = Release|Any CPU
		{E7CF6AB8-F9A7-40A1-9283-88B7D52EDF29}.Release|Any CPU.Build.0 = Release|Any CPU
		{E7CF6AB8-F9A7-40A1-9283-88B7D52EDF29}.Release|x64.ActiveCfg = Release|Any CPU
		{E7CF6AB8-F9A7-40A1-9283-88B7D52EDF29}.Release|x64.Build.0 = Release|Any CPU
		{E7CF6AB8-F9A7-40A1-9283-88B7D52EDF29}.Release|x86.ActiveCfg = Release|x86
		{E7CF6AB8-F9A7-40A1-9283-88B7D52EDF29}.Release|x86.Build.0 = Release|x86
		{4DF001EC-8E21-4234-A94D-4C0FDC82BC97}.Debug|Any CPU.ActiveCfg = Debug|Any CPU
		{4DF001EC-8E21-4234-A94D-4C0FDC82BC97}.Debug|Any CPU.Build.0 = Debug|Any CPU
		{4DF001EC-8E21-4234-A94D-4C0FDC82BC97}.Debug|x64.ActiveCfg = Debug|Any CPU
		{4DF001EC-8E21-4234-A94D-4C0FDC82BC97}.Debug|x64.Build.0 = Debug|Any CPU
		{4DF001EC-8E21-4234-A94D-4C0FDC82BC97}.Debug|x86.ActiveCfg = Debug|Any CPU
		{4DF001EC-8E21-4234-A94D-4C0FDC82BC97}.Debug|x86.Build.0 = Debug|Any CPU
		{4DF001EC-8E21-4234-A94D-4C0FDC82BC97}.Release|Any CPU.ActiveCfg = Release|Any CPU
		{4DF001EC-8E21-4234-A94D-4C0FDC82BC97}.Release|Any CPU.Build.0 = Release|Any CPU
		{4DF001EC-8E21-4234-A94D-4C0FDC82BC97}.Release|x64.ActiveCfg = Release|Any CPU
		{4DF001EC-8E21-4234-A94D-4C0FDC82BC97}.Release|x64.Build.0 = Release|Any CPU
		{4DF001EC-8E21-4234-A94D-4C0FDC82BC97}.Release|x86.ActiveCfg = Release|Any CPU
		{4DF001EC-8E21-4234-A94D-4C0FDC82BC97}.Release|x86.Build.0 = Release|Any CPU
		{0F839EE9-14E2-433C-8A6D-3DD687FE1D18}.Debug|Any CPU.ActiveCfg = Debug|Any CPU
		{0F839EE9-14E2-433C-8A6D-3DD687FE1D18}.Debug|Any CPU.Build.0 = Debug|Any CPU
		{0F839EE9-14E2-433C-8A6D-3DD687FE1D18}.Debug|x64.ActiveCfg = Debug|x64
		{0F839EE9-14E2-433C-8A6D-3DD687FE1D18}.Debug|x64.Build.0 = Debug|x64
		{0F839EE9-14E2-433C-8A6D-3DD687FE1D18}.Debug|x86.ActiveCfg = Debug|Any CPU
		{0F839EE9-14E2-433C-8A6D-3DD687FE1D18}.Debug|x86.Build.0 = Debug|Any CPU
		{0F839EE9-14E2-433C-8A6D-3DD687FE1D18}.Release|Any CPU.ActiveCfg = Release|Any CPU
		{0F839EE9-14E2-433C-8A6D-3DD687FE1D18}.Release|Any CPU.Build.0 = Release|Any CPU
		{0F839EE9-14E2-433C-8A6D-3DD687FE1D18}.Release|x64.ActiveCfg = Release|x64
		{0F839EE9-14E2-433C-8A6D-3DD687FE1D18}.Release|x64.Build.0 = Release|x64
		{0F839EE9-14E2-433C-8A6D-3DD687FE1D18}.Release|x86.ActiveCfg = Release|Any CPU
		{0F839EE9-14E2-433C-8A6D-3DD687FE1D18}.Release|x86.Build.0 = Release|Any CPU
		{DA64F614-D3A8-4F05-966C-92E257C18423}.Debug|Any CPU.ActiveCfg = Debug|Any CPU
		{DA64F614-D3A8-4F05-966C-92E257C18423}.Debug|Any CPU.Build.0 = Debug|Any CPU
		{DA64F614-D3A8-4F05-966C-92E257C18423}.Debug|x64.ActiveCfg = Debug|Any CPU
		{DA64F614-D3A8-4F05-966C-92E257C18423}.Debug|x64.Build.0 = Debug|Any CPU
		{DA64F614-D3A8-4F05-966C-92E257C18423}.Debug|x86.ActiveCfg = Debug|Any CPU
		{DA64F614-D3A8-4F05-966C-92E257C18423}.Debug|x86.Build.0 = Debug|Any CPU
		{DA64F614-D3A8-4F05-966C-92E257C18423}.Release|Any CPU.ActiveCfg = Release|Any CPU
		{DA64F614-D3A8-4F05-966C-92E257C18423}.Release|Any CPU.Build.0 = Release|Any CPU
		{DA64F614-D3A8-4F05-966C-92E257C18423}.Release|x64.ActiveCfg = Release|Any CPU
		{DA64F614-D3A8-4F05-966C-92E257C18423}.Release|x64.Build.0 = Release|Any CPU
		{DA64F614-D3A8-4F05-966C-92E257C18423}.Release|x86.ActiveCfg = Release|Any CPU
		{DA64F614-D3A8-4F05-966C-92E257C18423}.Release|x86.Build.0 = Release|Any CPU
		{E5A5EC88-EF90-4CB3-9BF4-5D427B6A8B59}.Debug|Any CPU.ActiveCfg = Debug|Any CPU
		{E5A5EC88-EF90-4CB3-9BF4-5D427B6A8B59}.Debug|Any CPU.Build.0 = Debug|Any CPU
		{E5A5EC88-EF90-4CB3-9BF4-5D427B6A8B59}.Debug|x64.ActiveCfg = Debug|Any CPU
		{E5A5EC88-EF90-4CB3-9BF4-5D427B6A8B59}.Debug|x64.Build.0 = Debug|Any CPU
		{E5A5EC88-EF90-4CB3-9BF4-5D427B6A8B59}.Debug|x86.ActiveCfg = Debug|Any CPU
		{E5A5EC88-EF90-4CB3-9BF4-5D427B6A8B59}.Debug|x86.Build.0 = Debug|Any CPU
		{E5A5EC88-EF90-4CB3-9BF4-5D427B6A8B59}.Release|Any CPU.ActiveCfg = Release|Any CPU
		{E5A5EC88-EF90-4CB3-9BF4-5D427B6A8B59}.Release|Any CPU.Build.0 = Release|Any CPU
		{E5A5EC88-EF90-4CB3-9BF4-5D427B6A8B59}.Release|x64.ActiveCfg = Release|Any CPU
		{E5A5EC88-EF90-4CB3-9BF4-5D427B6A8B59}.Release|x64.Build.0 = Release|Any CPU
		{E5A5EC88-EF90-4CB3-9BF4-5D427B6A8B59}.Release|x86.ActiveCfg = Release|Any CPU
		{E5A5EC88-EF90-4CB3-9BF4-5D427B6A8B59}.Release|x86.Build.0 = Release|Any CPU
		{17E56493-EA6F-45EA-AF55-969718DD02EE}.Debug|Any CPU.ActiveCfg = Debug|Any CPU
		{17E56493-EA6F-45EA-AF55-969718DD02EE}.Debug|Any CPU.Build.0 = Debug|Any CPU
		{17E56493-EA6F-45EA-AF55-969718DD02EE}.Debug|x64.ActiveCfg = Debug|Any CPU
		{17E56493-EA6F-45EA-AF55-969718DD02EE}.Debug|x64.Build.0 = Debug|Any CPU
		{17E56493-EA6F-45EA-AF55-969718DD02EE}.Debug|x86.ActiveCfg = Debug|Any CPU
		{17E56493-EA6F-45EA-AF55-969718DD02EE}.Debug|x86.Build.0 = Debug|Any CPU
		{17E56493-EA6F-45EA-AF55-969718DD02EE}.Release|Any CPU.ActiveCfg = Release|Any CPU
		{17E56493-EA6F-45EA-AF55-969718DD02EE}.Release|Any CPU.Build.0 = Release|Any CPU
		{17E56493-EA6F-45EA-AF55-969718DD02EE}.Release|x64.ActiveCfg = Release|Any CPU
		{17E56493-EA6F-45EA-AF55-969718DD02EE}.Release|x64.Build.0 = Release|Any CPU
		{17E56493-EA6F-45EA-AF55-969718DD02EE}.Release|x86.ActiveCfg = Release|Any CPU
		{17E56493-EA6F-45EA-AF55-969718DD02EE}.Release|x86.Build.0 = Release|Any CPU
		{5A6D13D2-2A64-432E-ADFB-ADBA6ED9DEE8}.Debug|Any CPU.ActiveCfg = Debug|Any CPU
		{5A6D13D2-2A64-432E-ADFB-ADBA6ED9DEE8}.Debug|Any CPU.Build.0 = Debug|Any CPU
		{5A6D13D2-2A64-432E-ADFB-ADBA6ED9DEE8}.Debug|x64.ActiveCfg = Debug|Any CPU
		{5A6D13D2-2A64-432E-ADFB-ADBA6ED9DEE8}.Debug|x64.Build.0 = Debug|Any CPU
		{5A6D13D2-2A64-432E-ADFB-ADBA6ED9DEE8}.Debug|x86.ActiveCfg = Debug|Any CPU
		{5A6D13D2-2A64-432E-ADFB-ADBA6ED9DEE8}.Debug|x86.Build.0 = Debug|Any CPU
		{5A6D13D2-2A64-432E-ADFB-ADBA6ED9DEE8}.Release|Any CPU.ActiveCfg = Release|Any CPU
		{5A6D13D2-2A64-432E-ADFB-ADBA6ED9DEE8}.Release|Any CPU.Build.0 = Release|Any CPU
		{5A6D13D2-2A64-432E-ADFB-ADBA6ED9DEE8}.Release|x64.ActiveCfg = Release|Any CPU
		{5A6D13D2-2A64-432E-ADFB-ADBA6ED9DEE8}.Release|x64.Build.0 = Release|Any CPU
		{5A6D13D2-2A64-432E-ADFB-ADBA6ED9DEE8}.Release|x86.ActiveCfg = Release|Any CPU
		{5A6D13D2-2A64-432E-ADFB-ADBA6ED9DEE8}.Release|x86.Build.0 = Release|Any CPU
		{E25E8B31-5845-45A0-B4AE-88A45FD9FF88}.Debug|Any CPU.ActiveCfg = Debug|Any CPU
		{E25E8B31-5845-45A0-B4AE-88A45FD9FF88}.Debug|Any CPU.Build.0 = Debug|Any CPU
		{E25E8B31-5845-45A0-B4AE-88A45FD9FF88}.Debug|x64.ActiveCfg = Debug|Any CPU
		{E25E8B31-5845-45A0-B4AE-88A45FD9FF88}.Debug|x64.Build.0 = Debug|Any CPU
		{E25E8B31-5845-45A0-B4AE-88A45FD9FF88}.Debug|x86.ActiveCfg = Debug|Any CPU
		{E25E8B31-5845-45A0-B4AE-88A45FD9FF88}.Debug|x86.Build.0 = Debug|Any CPU
		{E25E8B31-5845-45A0-B4AE-88A45FD9FF88}.Release|Any CPU.ActiveCfg = Release|Any CPU
		{E25E8B31-5845-45A0-B4AE-88A45FD9FF88}.Release|Any CPU.Build.0 = Release|Any CPU
		{E25E8B31-5845-45A0-B4AE-88A45FD9FF88}.Release|x64.ActiveCfg = Release|Any CPU
		{E25E8B31-5845-45A0-B4AE-88A45FD9FF88}.Release|x64.Build.0 = Release|Any CPU
		{E25E8B31-5845-45A0-B4AE-88A45FD9FF88}.Release|x86.ActiveCfg = Release|Any CPU
		{E25E8B31-5845-45A0-B4AE-88A45FD9FF88}.Release|x86.Build.0 = Release|Any CPU
		{A0CBACE7-69E5-4CA4-A54C-F64CB0735C60}.Debug|Any CPU.ActiveCfg = Debug|Any CPU
		{A0CBACE7-69E5-4CA4-A54C-F64CB0735C60}.Debug|Any CPU.Build.0 = Debug|Any CPU
		{A0CBACE7-69E5-4CA4-A54C-F64CB0735C60}.Debug|x64.ActiveCfg = Debug|Any CPU
		{A0CBACE7-69E5-4CA4-A54C-F64CB0735C60}.Debug|x64.Build.0 = Debug|Any CPU
		{A0CBACE7-69E5-4CA4-A54C-F64CB0735C60}.Debug|x86.ActiveCfg = Debug|Any CPU
		{A0CBACE7-69E5-4CA4-A54C-F64CB0735C60}.Debug|x86.Build.0 = Debug|Any CPU
		{A0CBACE7-69E5-4CA4-A54C-F64CB0735C60}.Release|Any CPU.ActiveCfg = Release|Any CPU
		{A0CBACE7-69E5-4CA4-A54C-F64CB0735C60}.Release|Any CPU.Build.0 = Release|Any CPU
		{A0CBACE7-69E5-4CA4-A54C-F64CB0735C60}.Release|x64.ActiveCfg = Release|Any CPU
		{A0CBACE7-69E5-4CA4-A54C-F64CB0735C60}.Release|x64.Build.0 = Release|Any CPU
		{A0CBACE7-69E5-4CA4-A54C-F64CB0735C60}.Release|x86.ActiveCfg = Release|Any CPU
		{A0CBACE7-69E5-4CA4-A54C-F64CB0735C60}.Release|x86.Build.0 = Release|Any CPU
		{1F68FEF2-3932-4869-A329-76C7318E92BD}.Debug|Any CPU.ActiveCfg = Debug|Any CPU
		{1F68FEF2-3932-4869-A329-76C7318E92BD}.Debug|Any CPU.Build.0 = Debug|Any CPU
		{1F68FEF2-3932-4869-A329-76C7318E92BD}.Debug|x64.ActiveCfg = Debug|Any CPU
		{1F68FEF2-3932-4869-A329-76C7318E92BD}.Debug|x64.Build.0 = Debug|Any CPU
		{1F68FEF2-3932-4869-A329-76C7318E92BD}.Debug|x86.ActiveCfg = Debug|Any CPU
		{1F68FEF2-3932-4869-A329-76C7318E92BD}.Debug|x86.Build.0 = Debug|Any CPU
		{1F68FEF2-3932-4869-A329-76C7318E92BD}.Release|Any CPU.ActiveCfg = Release|Any CPU
		{1F68FEF2-3932-4869-A329-76C7318E92BD}.Release|Any CPU.Build.0 = Release|Any CPU
		{1F68FEF2-3932-4869-A329-76C7318E92BD}.Release|x64.ActiveCfg = Release|Any CPU
		{1F68FEF2-3932-4869-A329-76C7318E92BD}.Release|x64.Build.0 = Release|Any CPU
		{1F68FEF2-3932-4869-A329-76C7318E92BD}.Release|x86.ActiveCfg = Release|Any CPU
		{1F68FEF2-3932-4869-A329-76C7318E92BD}.Release|x86.Build.0 = Release|Any CPU
	EndGlobalSection
	GlobalSection(SolutionProperties) = preSolution
		HideSolutionNode = FALSE
	EndGlobalSection
	GlobalSection(NestedProjects) = preSolution
		{E7CF6AB8-F9A7-40A1-9283-88B7D52EDF29} = {BEA93901-8B00-449D-8D12-E9F1A8A42D1D}
		{4DF001EC-8E21-4234-A94D-4C0FDC82BC97} = {BEA93901-8B00-449D-8D12-E9F1A8A42D1D}
		{0F839EE9-14E2-433C-8A6D-3DD687FE1D18} = {BEA93901-8B00-449D-8D12-E9F1A8A42D1D}
		{DA64F614-D3A8-4F05-966C-92E257C18423} = {BEA93901-8B00-449D-8D12-E9F1A8A42D1D}
		{E5A5EC88-EF90-4CB3-9BF4-5D427B6A8B59} = {BEA93901-8B00-449D-8D12-E9F1A8A42D1D}
		{17E56493-EA6F-45EA-AF55-969718DD02EE} = {BEA93901-8B00-449D-8D12-E9F1A8A42D1D}
		{5A6D13D2-2A64-432E-ADFB-ADBA6ED9DEE8} = {A2FA5034-2206-44EB-AD63-711725C0AE2D}
		{E25E8B31-5845-45A0-B4AE-88A45FD9FF88} = {A2FA5034-2206-44EB-AD63-711725C0AE2D}
		{A0CBACE7-69E5-4CA4-A54C-F64CB0735C60} = {BEA93901-8B00-449D-8D12-E9F1A8A42D1D}
		{1F68FEF2-3932-4869-A329-76C7318E92BD} = {A2FA5034-2206-44EB-AD63-711725C0AE2D}
	EndGlobalSection
EndGlobal
