
Microsoft Visual Studio Solution File, Format Version 12.00
# Visual Studio 15
VisualStudioVersion = 15.0.27428.2043
MinimumVisualStudioVersion = 10.0.40219.1
Project("{FAE04EC0-301F-11D3-BF4B-00C04F79EFBC}") = "ServerEditPlugin", "ServerEditPlugin\ServerEditPlugin.csproj", "{0E09BE4B-07A9-44E0-AC12-F46E13717AE8}"
EndProject
Global
	GlobalSection(SolutionConfigurationPlatforms) = preSolution
		Debug|Any CPU = Debug|Any CPU
		Release|Any CPU = Release|Any CPU
	EndGlobalSection
	GlobalSection(ProjectConfigurationPlatforms) = postSolution
		{0E09BE4B-07A9-44E0-AC12-F46E13717AE8}.Debug|Any CPU.ActiveCfg = Debug|Any CPU
		{0E09BE4B-07A9-44E0-AC12-F46E13717AE8}.Debug|Any CPU.Build.0 = Debug|Any CPU
		{0E09BE4B-07A9-44E0-AC12-F46E13717AE8}.Release|Any CPU.ActiveCfg = Release|Any CPU
		{0E09BE4B-07A9-44E0-AC12-F46E13717AE8}.Release|Any CPU.Build.0 = Release|Any CPU
	EndGlobalSection
	GlobalSection(SolutionProperties) = preSolution
		HideSolutionNode = FALSE
	EndGlobalSection
	GlobalSection(ExtensibilityGlobals) = postSolution
		SolutionGuid = {621E62FC-FD42-4DC3-98DA-2289962821CE}
	EndGlobalSection
EndGlobal
