
Microsoft Visual Studio Solution File, Format Version 12.00
# Visual Studio Version 16
VisualStudioVersion = 16.0.30011.22
MinimumVisualStudioVersion = 10.0.40219.1
Project("{FAE04EC0-301F-11D3-BF4B-00C04F79EFBC}") = "OpenIdConnectPlugin", "OpenIdConnectPlugin\OpenIdConnectPlugin.csproj", "{2AC27512-AA1E-43E8-8668-1F56488675C9}"
EndProject
Global
	GlobalSection(SolutionConfigurationPlatforms) = preSolution
		Debug|Any CPU = Debug|Any CPU
		Release|Any CPU = Release|Any CPU
	EndGlobalSection
	GlobalSection(ProjectConfigurationPlatforms) = postSolution
		{2AC27512-AA1E-43E8-8668-1F56488675C9}.Debug|Any CPU.ActiveCfg = Debug|Any CPU
		{2AC27512-AA1E-43E8-8668-1F56488675C9}.Debug|Any CPU.Build.0 = Debug|Any CPU
		{2AC27512-AA1E-43E8-8668-1F56488675C9}.Release|Any CPU.ActiveCfg = Release|Any CPU
		{2AC27512-AA1E-43E8-8668-1F56488675C9}.Release|Any CPU.Build.0 = Release|Any CPU
	EndGlobalSection
	GlobalSection(SolutionProperties) = preSolution
		HideSolutionNode = FALSE
	EndGlobalSection
	GlobalSection(ExtensibilityGlobals) = postSolution
		SolutionGuid = {EF9EC7F0-64C8-4803-BEAE-FA8263E7B65C}
	EndGlobalSection
EndGlobal
