
Microsoft Visual Studio Solution File, Format Version 12.00
# Visual Studio Version 16
VisualStudioVersion = 16.0.30711.63
MinimumVisualStudioVersion = 10.0.40219.1
Project("{FAE04EC0-301F-11D3-BF4B-00C04F79EFBC}") = "ConsoleServiceAPIClient", "ConsoleServiceAPIClient.csproj", "{6CE971A4-5EA0-443F-AD76-950574BCFF1E}"
EndProject
Global
	GlobalSection(SolutionConfigurationPlatforms) = preSolution
		Debug|Any CPU = Debug|Any CPU
		Release|Any CPU = Release|Any CPU
	EndGlobalSection
	GlobalSection(ProjectConfigurationPlatforms) = postSolution
		{6CE971A4-5EA0-443F-AD76-950574BCFF1E}.Debug|Any CPU.ActiveCfg = Debug|Any CPU
		{6CE971A4-5EA0-443F-AD76-950574BCFF1E}.Debug|Any CPU.Build.0 = Debug|Any CPU
		{6CE971A4-5EA0-443F-AD76-950574BCFF1E}.Release|Any CPU.ActiveCfg = Release|Any CPU
		{6CE971A4-5EA0-443F-AD76-950574BCFF1E}.Release|Any CPU.Build.0 = Release|Any CPU
	EndGlobalSection
	GlobalSection(SolutionProperties) = preSolution
		HideSolutionNode = FALSE
	EndGlobalSection
	GlobalSection(ExtensibilityGlobals) = postSolution
		SolutionGuid = {F9F33D31-C928-4B8B-AD1E-7B9D05165E73}
	EndGlobalSection
EndGlobal
