
Microsoft Visual Studio Solution File, Format Version 12.00
# Visual Studio 15
VisualStudioVersion = 15.0.28307.960
MinimumVisualStudioVersion = 10.0.40219.1
Project("{FAE04EC0-301F-11D3-BF4B-00C04F79EFBC}") = "StreamSearch", "StreamSearch\StreamSearch.csproj", "{25C6E01E-6FD5-4915-A684-8461C7019EF1}"
EndProject
Project("{D954291E-2A0B-460D-934E-DC6B0785DB48}") = "Framework", "..\Framework\Framework\Framework.shproj", "{2BE5BB81-6EA1-4B3B-A4D8-0464FF896B80}"
EndProject
Global
	GlobalSection(SharedMSBuildProjectFiles) = preSolution
		..\Framework\Framework\Framework.projitems*{25c6e01e-6fd5-4915-a684-8461c7019ef1}*SharedItemsImports = 4
		..\Framework\Framework\Framework.projitems*{2be5bb81-6ea1-4b3b-a4d8-0464ff896b80}*SharedItemsImports = 13
	EndGlobalSection
	GlobalSection(SolutionConfigurationPlatforms) = preSolution
		Debug|Any CPU = Debug|Any CPU
		Release|Any CPU = Release|Any CPU
	EndGlobalSection
	GlobalSection(ProjectConfigurationPlatforms) = postSolution
		{25C6E01E-6FD5-4915-A684-8461C7019EF1}.Debug|Any CPU.ActiveCfg = Debug|Any CPU
		{25C6E01E-6FD5-4915-A684-8461C7019EF1}.Debug|Any CPU.Build.0 = Debug|Any CPU
		{25C6E01E-6FD5-4915-A684-8461C7019EF1}.Release|Any CPU.ActiveCfg = Release|Any CPU
		{25C6E01E-6FD5-4915-A684-8461C7019EF1}.Release|Any CPU.Build.0 = Release|Any CPU
	EndGlobalSection
	GlobalSection(SolutionProperties) = preSolution
		HideSolutionNode = FALSE
	EndGlobalSection
	GlobalSection(ExtensibilityGlobals) = postSolution
		SolutionGuid = {0A9C3445-E52B-4C78-9289-5C12B251E769}
	EndGlobalSection
EndGlobal
