
Microsoft Visual Studio Solution File, Format Version 12.00
# Visual Studio 15
VisualStudioVersion = 15.0.28010.2046
MinimumVisualStudioVersion = 10.0.40219.1
Project("{FAE04EC0-301F-11D3-BF4B-00C04F79EFBC}") = "Dynamic SDK Loading", "Dynamic SDK Loading.csproj", "{17C2BC60-1290-4F46-883A-3D9DA0843E63}"
EndProject
Global
	GlobalSection(SolutionConfigurationPlatforms) = preSolution
		Debug|Any CPU = Debug|Any CPU
		Release|Any CPU = Release|Any CPU
	EndGlobalSection
	GlobalSection(ProjectConfigurationPlatforms) = postSolution
		{17C2BC60-1290-4F46-883A-3D9DA0843E63}.Debug|Any CPU.ActiveCfg = Debug|Any CPU
		{17C2BC60-1290-4F46-883A-3D9DA0843E63}.Debug|Any CPU.Build.0 = Debug|Any CPU
		{17C2BC60-1290-4F46-883A-3D9DA0843E63}.Release|Any CPU.ActiveCfg = Release|Any CPU
		{17C2BC60-1290-4F46-883A-3D9DA0843E63}.Release|Any CPU.Build.0 = Release|Any CPU
	EndGlobalSection
	GlobalSection(SolutionProperties) = preSolution
		HideSolutionNode = FALSE
	EndGlobalSection
	GlobalSection(ExtensibilityGlobals) = postSolution
		SolutionGuid = {0DE9D2CE-16B6-4F43-8DC9-15BEA408BEBC}
	EndGlobalSection
EndGlobal
