
Microsoft Visual Studio Solution File, Format Version 12.00
# Visual Studio 2013
VisualStudioVersion = 12.0.40629.0
MinimumVisualStudioVersion = 10.0.40219.1
Project("{FAE04EC0-301F-11D3-BF4B-00C04F79EFBC}") = "SDK_Basics_Searching", "SDK_Basics_Searching.csproj", "{483D0467-7EC2-4492-AAE6-C340D6CEE595}"
EndProject
Global
	GlobalSection(SolutionConfigurationPlatforms) = preSolution
		Debug|Any CPU = Debug|Any CPU
		Release|Any CPU = Release|Any CPU
	EndGlobalSection
	GlobalSection(ProjectConfigurationPlatforms) = postSolution
		{483D0467-7EC2-4492-AAE6-C340D6CEE595}.Debug|Any CPU.ActiveCfg = Debug|Any CPU
		{483D0467-7EC2-4492-AAE6-C340D6CEE595}.Debug|Any CPU.Build.0 = Debug|Any CPU
		{483D0467-7EC2-4492-AAE6-C340D6CEE595}.Release|Any CPU.ActiveCfg = Release|Any CPU
		{483D0467-7EC2-4492-AAE6-C340D6CEE595}.Release|Any CPU.Build.0 = Release|Any CPU
	EndGlobalSection
	GlobalSection(SolutionProperties) = preSolution
		HideSolutionNode = FALSE
	EndGlobalSection
EndGlobal
